
Microsoft Visual Studio Solution File, Format Version 12.00
# Visual Studio 15
VisualStudioVersion = 15.0.27428.2037
MinimumVisualStudioVersion = 10.0.40219.1
Project("{FAE04EC0-301F-11D3-BF4B-00C04F79EFBC}") = "FW Launcher Beta v1.0.1.0", "FW Launcher Beta v1.0.1.0\FW Launcher Beta v1.0.1.0.csproj", "{40D58CFE-418F-4733-B224-DE47B8922B89}"
EndProject
Global
	GlobalSection(SolutionConfigurationPlatforms) = preSolution
		Debug|Any CPU = Debug|Any CPU
		Release|Any CPU = Release|Any CPU
	EndGlobalSection
	GlobalSection(ProjectConfigurationPlatforms) = postSolution
		{40D58CFE-418F-4733-B224-DE47B8922B89}.Debug|Any CPU.ActiveCfg = Debug|Any CPU
		{40D58CFE-418F-4733-B224-DE47B8922B89}.Debug|Any CPU.Build.0 = Debug|Any CPU
		{40D58CFE-418F-4733-B224-DE47B8922B89}.Release|Any CPU.ActiveCfg = Release|Any CPU
		{40D58CFE-418F-4733-B224-DE47B8922B89}.Release|Any CPU.Build.0 = Release|Any CPU
	EndGlobalSection
	GlobalSection(SolutionProperties) = preSolution
		HideSolutionNode = FALSE
	EndGlobalSection
	GlobalSection(ExtensibilityGlobals) = postSolution
		SolutionGuid = {D3A08301-2266-41EC-B78B-6786449C23D6}
	EndGlobalSection
EndGlobal
